uuid: ee91db46-b22c-4454-b614-8bcd5f436d5b
langcode: en
status: true
dependencies: {  }
_core:
  default_config_hash: 1OCKdTtMY6QI5-V9y-phCzW_SEM6FDLAiHx1yh4song
id: footer_promo_block
label: 'Footer promo block'
revision: 0
description: 'A footer promo block contains a title, promo text, and a "find out more" link.'
